
Microsoft Visual Studio Solution File, Format Version 12.00
# Visual Studio Version 17
VisualStudioVersion = 17.0.31512.422
MinimumVisualStudioVersion = 10.0.40219.1
Project("{2150E333-8FDC-42A3-9474-1A3956D46DE8}") = "src", "src", "{0B71158B-576B-4498-9D40-141D554D1272}"
EndProject
Project("{2150E333-8FDC-42A3-9474-1A3956D46DE8}") = "examples", "examples", "{38805E90-A955-4097-97DC-537F7A0CD773}"
EndProject
Project("{9A19103F-16F7-4668-BE54-9A1E7A4F7556}") = "AnyOf.SourceGenerator", "src\AnyOfCodeGenerator\AnyOf.SourceGenerator.csproj", "{12354228-91F4-4502-9595-39584E5A1234}"
EndProject
Project("{9A19103F-16F7-4668-BE54-9A1E7A4F7556}") = "ConsoleAppConsumer", "examples\ConsoleAppConsumer\ConsoleAppConsumer.csproj", "{B9DEFB42-EB14-4F73-B467-9C39B75F48CE}"
EndProject
Project("{9A19103F-16F7-4668-BE54-9A1E7A4F7556}") = "ConsoleAppConsumerViaNuGet", "examples\ConsoleAppConsumerViaNuGet\ConsoleAppConsumerViaNuGet.csproj", "{E29216D6-4ACE-4F08-BCB6-AE0584F5A7D7}"
EndProject
Project("{9A19103F-16F7-4668-BE54-9A1E7A4F7556}") = "AnyOfCodeGeneratorTester", "src\AnyOfCodeGeneratorTester\AnyOfCodeGeneratorTester.csproj", "{CBE25FF6-ACDA-45A0-9B34-29F979063ECB}"
EndProject
Project("{2150E333-8FDC-42A3-9474-1A3956D46DE8}") = "Solution Items", "Solution Items", "{56142EC5-9C2F-4055-A9C8-40F80A6595D6}"
	ProjectSection(SolutionItems) = preProject
		Directory.Build.props = Directory.Build.props
		GitHubReleaseNotes.txt = GitHubReleaseNotes.txt
		README.md = README.md
		ReleaseNotes.md = ReleaseNotes.md
	EndProjectSection
EndProject
Project("{2150E333-8FDC-42A3-9474-1A3956D46DE8}") = "tests", "tests", "{BDD6F175-13B7-48A1-BFFF-9ABAFF34A10D}"
EndProject
Project("{9A19103F-16F7-4668-BE54-9A1E7A4F7556}") = "AnyOfTests", "tests\AnyOfTests\AnyOfTests.csproj", "{D2E3F6EC-D490-4BD6-A9DB-66C8B86BD4D0}"
EndProject
Project("{9A19103F-16F7-4668-BE54-9A1E7A4F7556}") = "ClassLibrary", "examples\ClassLibrary\ClassLibrary.csproj", "{B5870672-561A-46EC-A936-7FE453B55729}"
EndProject
Project("{9A19103F-16F7-4668-BE54-9A1E7A4F7556}") = "ConsoleAppConsumerNET472", "examples\ConsoleAppConsumerNET472\ConsoleAppConsumerNET472.csproj", "{96FAF87C-DD5F-435C-A78D-2DFC9860E135}"
EndProject
Project("{2150E333-8FDC-42A3-9474-1A3956D46DE8}") = "GitHub Actions", "GitHub Actions", "{64C27029-B96B-48C4-90C2-848DD1D768BA}"
	ProjectSection(SolutionItems) = preProject
		.github\workflows\CreateRelease.yml = .github\workflows\CreateRelease.yml
	EndProjectSection
EndProject
Project("{9A19103F-16F7-4668-BE54-9A1E7A4F7556}") = "AnyOf", "src\AnyOf\AnyOf.csproj", "{32A113EF-DA46-4016-AA14-F3DC6ACDC20E}"
EndProject
Global
	GlobalSection(SolutionConfigurationPlatforms) = preSolution
		Debug|Any CPU = Debug|Any CPU
		Release|Any CPU = Release|Any CPU
	EndGlobalSection
	GlobalSection(ProjectConfigurationPlatforms) = postSolution
		{12354228-91F4-4502-9595-39584E5A1234}.Debug|Any CPU.ActiveCfg = Debug|Any CPU
		{12354228-91F4-4502-9595-39584E5A1234}.Debug|Any CPU.Build.0 = Debug|Any CPU
		{12354228-91F4-4502-9595-39584E5A1234}.Release|Any CPU.ActiveCfg = Release|Any CPU
		{12354228-91F4-4502-9595-39584E5A1234}.Release|Any CPU.Build.0 = Release|Any CPU
		{B9DEFB42-EB14-4F73-B467-9C39B75F48CE}.Debug|Any CPU.ActiveCfg = Debug|Any CPU
		{B9DEFB42-EB14-4F73-B467-9C39B75F48CE}.Debug|Any CPU.Build.0 = Debug|Any CPU
		{B9DEFB42-EB14-4F73-B467-9C39B75F48CE}.Release|Any CPU.ActiveCfg = Release|Any CPU
		{B9DEFB42-EB14-4F73-B467-9C39B75F48CE}.Release|Any CPU.Build.0 = Release|Any CPU
		{E29216D6-4ACE-4F08-BCB6-AE0584F5A7D7}.Debug|Any CPU.ActiveCfg = Debug|Any CPU
		{E29216D6-4ACE-4F08-BCB6-AE0584F5A7D7}.Debug|Any CPU.Build.0 = Debug|Any CPU
		{E29216D6-4ACE-4F08-BCB6-AE0584F5A7D7}.Release|Any CPU.ActiveCfg = Release|Any CPU
		{E29216D6-4ACE-4F08-BCB6-AE0584F5A7D7}.Release|Any CPU.Build.0 = Release|Any CPU
		{CBE25FF6-ACDA-45A0-9B34-29F979063ECB}.Debug|Any CPU.ActiveCfg = Debug|Any CPU
		{CBE25FF6-ACDA-45A0-9B34-29F979063ECB}.Debug|Any CPU.Build.0 = Debug|Any CPU
		{CBE25FF6-ACDA-45A0-9B34-29F979063ECB}.Release|Any CPU.ActiveCfg = Release|Any CPU
		{CBE25FF6-ACDA-45A0-9B34-29F979063ECB}.Release|Any CPU.Build.0 = Release|Any CPU
		{D2E3F6EC-D490-4BD6-A9DB-66C8B86BD4D0}.Debug|Any CPU.ActiveCfg = Debug|Any CPU
		{D2E3F6EC-D490-4BD6-A9DB-66C8B86BD4D0}.Debug|Any CPU.Build.0 = Debug|Any CPU
		{D2E3F6EC-D490-4BD6-A9DB-66C8B86BD4D0}.Release|Any CPU.ActiveCfg = Release|Any CPU
		{D2E3F6EC-D490-4BD6-A9DB-66C8B86BD4D0}.Release|Any CPU.Build.0 = Release|Any CPU
		{B5870672-561A-46EC-A936-7FE453B55729}.Debug|Any CPU.ActiveCfg = Debug|Any CPU
		{B5870672-561A-46EC-A936-7FE453B55729}.Debug|Any CPU.Build.0 = Debug|Any CPU
		{B5870672-561A-46EC-A936-7FE453B55729}.Release|Any CPU.ActiveCfg = Release|Any CPU
		{B5870672-561A-46EC-A936-7FE453B55729}.Release|Any CPU.Build.0 = Release|Any CPU
		{96FAF87C-DD5F-435C-A78D-2DFC9860E135}.Debug|Any CPU.ActiveCfg = Debug|Any CPU
		{96FAF87C-DD5F-435C-A78D-2DFC9860E135}.Debug|Any CPU.Build.0 = Debug|Any CPU
		{96FAF87C-DD5F-435C-A78D-2DFC9860E135}.Release|Any CPU.ActiveCfg = Release|Any CPU
		{96FAF87C-DD5F-435C-A78D-2DFC9860E135}.Release|Any CPU.Build.0 = Release|Any CPU
		{32A113EF-DA46-4016-AA14-F3DC6ACDC20E}.Debug|Any CPU.ActiveCfg = Debug|Any CPU
		{32A113EF-DA46-4016-AA14-F3DC6ACDC20E}.Debug|Any CPU.Build.0 = Debug|Any CPU
		{32A113EF-DA46-4016-AA14-F3DC6ACDC20E}.Release|Any CPU.ActiveCfg = Release|Any CPU
		{32A113EF-DA46-4016-AA14-F3DC6ACDC20E}.Release|Any CPU.Build.0 = Release|Any CPU
	EndGlobalSection
	GlobalSection(SolutionProperties) = preSolution
		HideSolutionNode = FALSE
	EndGlobalSection
	GlobalSection(NestedProjects) = preSolution
		{12354228-91F4-4502-9595-39584E5A1234} = {0B71158B-576B-4498-9D40-141D554D1272}
		{B9DEFB42-EB14-4F73-B467-9C39B75F48CE} = {38805E90-A955-4097-97DC-537F7A0CD773}
		{E29216D6-4ACE-4F08-BCB6-AE0584F5A7D7} = {38805E90-A955-4097-97DC-537F7A0CD773}
		{CBE25FF6-ACDA-45A0-9B34-29F979063ECB} = {BDD6F175-13B7-48A1-BFFF-9ABAFF34A10D}
		{D2E3F6EC-D490-4BD6-A9DB-66C8B86BD4D0} = {BDD6F175-13B7-48A1-BFFF-9ABAFF34A10D}
		{B5870672-561A-46EC-A936-7FE453B55729} = {38805E90-A955-4097-97DC-537F7A0CD773}
		{96FAF87C-DD5F-435C-A78D-2DFC9860E135} = {38805E90-A955-4097-97DC-537F7A0CD773}
		{64C27029-B96B-48C4-90C2-848DD1D768BA} = {56142EC5-9C2F-4055-A9C8-40F80A6595D6}
		{32A113EF-DA46-4016-AA14-F3DC6ACDC20E} = {0B71158B-576B-4498-9D40-141D554D1272}
	EndGlobalSection
	GlobalSection(ExtensibilityGlobals) = postSolution
		SolutionGuid = {3586BB89-A981-4CD0-88DB-2DF513FE2B90}
	EndGlobalSection
EndGlobal
